
Microsoft Visual Studio Solution File, Format Version 12.00
Project("{2150E333-8FDC-42A3-9474-1A3956D46DE8}") = "src", "src", "{0FC2BAA6-1D60-4463-B37B-1BCEF774C144}"
EndProject
Project("{2150E333-8FDC-42A3-9474-1A3956D46DE8}") = "public", "public", "{047B777A-1946-4B07-876C-254FD4C47E53}"
EndProject
Project("{2150E333-8FDC-42A3-9474-1A3956D46DE8}") = "mod", "mod", "{378C0755-2731-4032-A984-7F92312AB655}"
EndProject
Project("{2150E333-8FDC-42A3-9474-1A3956D46DE8}") = "lang", "lang", "{43EA69D0-4DA0-46D5-BA3C-4F4FD35BFAEE}"
	ProjectSection(SolutionItems) = preProject
		lang\en.json = lang\en.json
	EndProjectSection
EndProject
Project("{FAE04EC0-301F-11D3-BF4B-00C04F79EFBC}") = "Prophunt", "src\Prophunt\Prophunt.csproj", "{0609D915-D003-4281-A22D-D1616EBF76C9}"
EndProject
Project("{FAE04EC0-301F-11D3-BF4B-00C04F79EFBC}") = "Prophunt.Public", "public\Prophunt.Public\Prophunt.Public.csproj", "{537C9753-44D9-494C-9E37-9C9D9E811A27}"
EndProject
Project("{FAE04EC0-301F-11D3-BF4B-00C04F79EFBC}") = "Prophunt.Messaging", "mod\Prophunt.Messaging\Prophunt.Messaging.csproj", "{E4EA9F22-EB93-4599-905F-444461EFFEBB}"
EndProject
Project("{FAE04EC0-301F-11D3-BF4B-00C04F79EFBC}") = "Prophunt.Logging", "mod\Prophunt.Logging\Prophunt.Logging.csproj", "{A7BCC79B-113C-46CB-8BDE-FF890426B799}"
EndProject
Project("{FAE04EC0-301F-11D3-BF4B-00C04F79EFBC}") = "Prophunt.Generic", "Prophunt.Generic\Prophunt.Generic.csproj", "{FD80AEFE-F843-4BBA-BE34-8AC312AD860B}"
EndProject
Project("{2150E333-8FDC-42A3-9474-1A3956D46DE8}") = "tests", "tests", "{D6FD5B27-143E-4795-A77F-0E7DCDC024B2}"
EndProject
Project("{FAE04EC0-301F-11D3-BF4B-00C04F79EFBC}") = "Prophunt.Tests", "Prophunt.Tests\Prophunt.Tests.csproj", "{24334314-000D-4A71-A450-CC6719A80C14}"
EndProject
Global
	GlobalSection(SolutionConfigurationPlatforms) = preSolution
		Debug|Any CPU = Debug|Any CPU
		Release|Any CPU = Release|Any CPU
	EndGlobalSection
	GlobalSection(NestedProjects) = preSolution
		{0609D915-D003-4281-A22D-D1616EBF76C9} = {0FC2BAA6-1D60-4463-B37B-1BCEF774C144}
		{537C9753-44D9-494C-9E37-9C9D9E811A27} = {047B777A-1946-4B07-876C-254FD4C47E53}
		{E4EA9F22-EB93-4599-905F-444461EFFEBB} = {378C0755-2731-4032-A984-7F92312AB655}
		{A7BCC79B-113C-46CB-8BDE-FF890426B799} = {378C0755-2731-4032-A984-7F92312AB655}
		{FD80AEFE-F843-4BBA-BE34-8AC312AD860B} = {0FC2BAA6-1D60-4463-B37B-1BCEF774C144}
		{24334314-000D-4A71-A450-CC6719A80C14} = {D6FD5B27-143E-4795-A77F-0E7DCDC024B2}
	EndGlobalSection
	GlobalSection(ProjectConfigurationPlatforms) = postSolution
		{0609D915-D003-4281-A22D-D1616EBF76C9}.Debug|Any CPU.ActiveCfg = Debug|Any CPU
		{0609D915-D003-4281-A22D-D1616EBF76C9}.Debug|Any CPU.Build.0 = Debug|Any CPU
		{0609D915-D003-4281-A22D-D1616EBF76C9}.Release|Any CPU.ActiveCfg = Release|Any CPU
		{0609D915-D003-4281-A22D-D1616EBF76C9}.Release|Any CPU.Build.0 = Release|Any CPU
		{537C9753-44D9-494C-9E37-9C9D9E811A27}.Debug|Any CPU.ActiveCfg = Debug|Any CPU
		{537C9753-44D9-494C-9E37-9C9D9E811A27}.Debug|Any CPU.Build.0 = Debug|Any CPU
		{537C9753-44D9-494C-9E37-9C9D9E811A27}.Release|Any CPU.ActiveCfg = Release|Any CPU
		{537C9753-44D9-494C-9E37-9C9D9E811A27}.Release|Any CPU.Build.0 = Release|Any CPU
		{E4EA9F22-EB93-4599-905F-444461EFFEBB}.Debug|Any CPU.ActiveCfg = Debug|Any CPU
		{E4EA9F22-EB93-4599-905F-444461EFFEBB}.Debug|Any CPU.Build.0 = Debug|Any CPU
		{E4EA9F22-EB93-4599-905F-444461EFFEBB}.Release|Any CPU.ActiveCfg = Release|Any CPU
		{E4EA9F22-EB93-4599-905F-444461EFFEBB}.Release|Any CPU.Build.0 = Release|Any CPU
		{A7BCC79B-113C-46CB-8BDE-FF890426B799}.Debug|Any CPU.ActiveCfg = Debug|Any CPU
		{A7BCC79B-113C-46CB-8BDE-FF890426B799}.Debug|Any CPU.Build.0 = Debug|Any CPU
		{A7BCC79B-113C-46CB-8BDE-FF890426B799}.Release|Any CPU.ActiveCfg = Release|Any CPU
		{A7BCC79B-113C-46CB-8BDE-FF890426B799}.Release|Any CPU.Build.0 = Release|Any CPU
		{FD80AEFE-F843-4BBA-BE34-8AC312AD860B}.Debug|Any CPU.ActiveCfg = Debug|Any CPU
		{FD80AEFE-F843-4BBA-BE34-8AC312AD860B}.Debug|Any CPU.Build.0 = Debug|Any CPU
		{FD80AEFE-F843-4BBA-BE34-8AC312AD860B}.Release|Any CPU.ActiveCfg = Release|Any CPU
		{FD80AEFE-F843-4BBA-BE34-8AC312AD860B}.Release|Any CPU.Build.0 = Release|Any CPU
		{24334314-000D-4A71-A450-CC6719A80C14}.Debug|Any CPU.ActiveCfg = Debug|Any CPU
		{24334314-000D-4A71-A450-CC6719A80C14}.Debug|Any CPU.Build.0 = Debug|Any CPU
		{24334314-000D-4A71-A450-CC6719A80C14}.Release|Any CPU.ActiveCfg = Release|Any CPU
		{24334314-000D-4A71-A450-CC6719A80C14}.Release|Any CPU.Build.0 = Release|Any CPU
	EndGlobalSection
EndGlobal
